
Microsoft Visual Studio Solution File, Format Version 12.00
# Visual Studio Version 17
VisualStudioVersion = 17.3.32804.467
MinimumVisualStudioVersion = 10.0.40219.1
Project("{9A19103F-16F7-4668-BE54-9A1E7A4F7556}") = "ProjectCore", "AutomationFramework\ProjectCore.csproj", "{A35A48D7-3A21-4CE6-864F-C3C911B653D9}"
EndProject
Project("{9A19103F-16F7-4668-BE54-9A1E7A4F7556}") = "UnsplashTest", "TestScript\UnsplashTest.csproj", "{02DBC8B7-4D10-47E8-8173-4FBCBE50A8B1}"
EndProject
Project("{9A19103F-16F7-4668-BE54-9A1E7A4F7556}") = "AppService", "AppService\AppService.csproj", "{75FA2F5B-39FA-452F-AF32-10E9E51947A2}"
EndProject
Global
	GlobalSection(SolutionConfigurationPlatforms) = preSolution
		Debug|Any CPU = Debug|Any CPU
		Release|Any CPU = Release|Any CPU
	EndGlobalSection
	GlobalSection(ProjectConfigurationPlatforms) = postSolution
		{A35A48D7-3A21-4CE6-864F-C3C911B653D9}.Debug|Any CPU.ActiveCfg = Debug|Any CPU
		{A35A48D7-3A21-4CE6-864F-C3C911B653D9}.Debug|Any CPU.Build.0 = Debug|Any CPU
		{A35A48D7-3A21-4CE6-864F-C3C911B653D9}.Release|Any CPU.ActiveCfg = Release|Any CPU
		{A35A48D7-3A21-4CE6-864F-C3C911B653D9}.Release|Any CPU.Build.0 = Release|Any CPU
		{02DBC8B7-4D10-47E8-8173-4FBCBE50A8B1}.Debug|Any CPU.ActiveCfg = Debug|Any CPU
		{02DBC8B7-4D10-47E8-8173-4FBCBE50A8B1}.Debug|Any CPU.Build.0 = Debug|Any CPU
		{02DBC8B7-4D10-47E8-8173-4FBCBE50A8B1}.Release|Any CPU.ActiveCfg = Release|Any CPU
		{02DBC8B7-4D10-47E8-8173-4FBCBE50A8B1}.Release|Any CPU.Build.0 = Release|Any CPU
		{75FA2F5B-39FA-452F-AF32-10E9E51947A2}.Debug|Any CPU.ActiveCfg = Debug|Any CPU
		{75FA2F5B-39FA-452F-AF32-10E9E51947A2}.Debug|Any CPU.Build.0 = Debug|Any CPU
		{75FA2F5B-39FA-452F-AF32-10E9E51947A2}.Release|Any CPU.ActiveCfg = Release|Any CPU
		{75FA2F5B-39FA-452F-AF32-10E9E51947A2}.Release|Any CPU.Build.0 = Release|Any CPU
	EndGlobalSection
	GlobalSection(SolutionProperties) = preSolution
		HideSolutionNode = FALSE
	EndGlobalSection
	GlobalSection(ExtensibilityGlobals) = postSolution
		SolutionGuid = {3A1A7462-0453-4929-8208-68FAA96257EE}
	EndGlobalSection
EndGlobal
