
Microsoft Visual Studio Solution File, Format Version 12.00
# Visual Studio Version 17
VisualStudioVersion = 17.3.32804.467
MinimumVisualStudioVersion = 10.0.40219.1
Project("{FAE04EC0-301F-11D3-BF4B-00C04F79EFBC}") = "ProjectCore", "AutomationFramework\ProjectCore.csproj", "{A35A48D7-3A21-4CE6-864F-C3C911B653D9}"
EndProject
Project("{FAE04EC0-301F-11D3-BF4B-00C04F79EFBC}") = "TestScript", "TestScript\TestScript.csproj", "{02DBC8B7-4D10-47E8-8173-4FBCBE50A8B1}"
EndProject
Global
	GlobalSection(SolutionConfigurationPlatforms) = preSolution
		Debug|Any CPU = Debug|Any CPU
		Release|Any CPU = Release|Any CPU
	EndGlobalSection
	GlobalSection(ProjectConfigurationPlatforms) = postSolution
		{A35A48D7-3A21-4CE6-864F-C3C911B653D9}.Debug|Any CPU.ActiveCfg = Debug|Any CPU
		{A35A48D7-3A21-4CE6-864F-C3C911B653D9}.Debug|Any CPU.Build.0 = Debug|Any CPU
		{A35A48D7-3A21-4CE6-864F-C3C911B653D9}.Release|Any CPU.ActiveCfg = Release|Any CPU
		{A35A48D7-3A21-4CE6-864F-C3C911B653D9}.Release|Any CPU.Build.0 = Release|Any CPU
		{02DBC8B7-4D10-47E8-8173-4FBCBE50A8B1}.Debug|Any CPU.ActiveCfg = Debug|Any CPU
		{02DBC8B7-4D10-47E8-8173-4FBCBE50A8B1}.Debug|Any CPU.Build.0 = Debug|Any CPU
		{02DBC8B7-4D10-47E8-8173-4FBCBE50A8B1}.Release|Any CPU.ActiveCfg = Release|Any CPU
		{02DBC8B7-4D10-47E8-8173-4FBCBE50A8B1}.Release|Any CPU.Build.0 = Release|Any CPU
	EndGlobalSection
	GlobalSection(SolutionProperties) = preSolution
		HideSolutionNode = FALSE
	EndGlobalSection
	GlobalSection(ExtensibilityGlobals) = postSolution
		SolutionGuid = {3A1A7462-0453-4929-8208-68FAA96257EE}
	EndGlobalSection
EndGlobal
